{
  "name": "vue-ts-test",
  "version": "0.1.0",
  "lockfileVersion": 1,
  "requires": true,
  "dependencies": {
    "@types/core-js": {
      "version": "2.5.2",
      "resolved": "https://registry.npm.taobao.org/@types/core-js/download/@types/core-js-2.5.2.tgz?cache=0&other_urls=https%3A%2F%2Fregistry.npm.taobao.org%2F%40types%2Fcore-js%2Fdownload%2F%40types%2Fcore-js-2.5.2.tgz",
      "integrity": "sha1-1MJUIARNSltl4AqC/AS3gktiaR8="
    },
    "@types/eslint": {
      "version": "4.16.6",
      "resolved": "http://registry.npm.taobao.org/@types/eslint/download/@types/eslint-4.16.6.tgz",
      "integrity": "sha1-ltTs3b6mGKsLVerw3/7fOHEpsGw=",
      "dev": true,
      "requires": {
        "@types/estree": "*",
        "@types/json-schema": "*"
      }
    },
    "@types/estree": {
      "version": "0.0.39",
      "resolved": "http://registry.npm.taobao.org/@types/estree/download/@types/estree-0.0.39.tgz",
      "integrity": "sha1-4Xfmme4bjCLSMXTKqnQiZEOJUJ8=",
      "dev": true
    },
    "@types/json-schema": {
      "version": "7.0.3",
      "resolved": "http://registry.npm.taobao.org/@types/json-schema/download/@types/json-schema-7.0.3.tgz",
      "integrity": "sha1-vf1p1h5GTcyBslFZwnDXWnPBpjY=",
      "dev": true
    }
  }
}
